// !$*UTF8*$!
{
	archiveVersion = 1;
	classes = {
	};
	objectVersion = 55;
	objects = {

/* Begin PBXBuildFile section */
		4DA010BB2795FFFB00B8165F /* WeLoveWordleApp.swift in Sources */ = {isa = PBXBuildFile; fileRef = 4DA010AB2795FFFA00B8165F /* WeLoveWordleApp.swift */; };
		4DA010BC2795FFFB00B8165F /* WeLoveWordleApp.swift in Sources */ = {isa = PBXBuildFile; fileRef = 4DA010AB2795FFFA00B8165F /* WeLoveWordleApp.swift */; };
		4DA010BD2795FFFB00B8165F /* ContentView.swift in Sources */ = {isa = PBXBuildFile; fileRef = 4DA010AC2795FFFA00B8165F /* ContentView.swift */; };
		4DA010BE2795FFFB00B8165F /* ContentView.swift in Sources */ = {isa = PBXBuildFile; fileRef = 4DA010AC2795FFFA00B8165F /* ContentView.swift */; };
		4DA010BF2795FFFB00B8165F /* Assets.xcassets in Resources */ = {isa = PBXBuildFile; fileRef = 4DA010AD2795FFFB00B8165F /* Assets.xcassets */; };
		4DA010C02795FFFB00B8165F /* Assets.xcassets in Resources */ = {isa = PBXBuildFile; fileRef = 4DA010AD2795FFFB00B8165F /* Assets.xcassets */; };
		4DA010CA2796004200B8165F /* Gameboard.swift in Sources */ = {isa = PBXBuildFile; fileRef = 4DA010C92796004200B8165F /* Gameboard.swift */; };
		4DA010CB2796004200B8165F /* Gameboard.swift in Sources */ = {isa = PBXBuildFile; fileRef = 4DA010C92796004200B8165F /* Gameboard.swift */; };
		4DA010CD2796004900B8165F /* Keyboard.swift in Sources */ = {isa = PBXBuildFile; fileRef = 4DA010CC2796004900B8165F /* Keyboard.swift */; };
		4DA010CE2796004900B8165F /* Keyboard.swift in Sources */ = {isa = PBXBuildFile; fileRef = 4DA010CC2796004900B8165F /* Keyboard.swift */; };
		4DA010D0279600DF00B8165F /* GuessesViewModel.swift in Sources */ = {isa = PBXBuildFile; fileRef = 4DA010CF279600DF00B8165F /* GuessesViewModel.swift */; };
		4DA010D1279600DF00B8165F /* GuessesViewModel.swift in Sources */ = {isa = PBXBuildFile; fileRef = 4DA010CF279600DF00B8165F /* GuessesViewModel.swift */; };
		4DA010D32796249900B8165F /* GuessLetterView.swift in Sources */ = {isa = PBXBuildFile; fileRef = 4DA010D22796249900B8165F /* GuessLetterView.swift */; };
		4DA010D42796249900B8165F /* GuessLetterView.swift in Sources */ = {isa = PBXBuildFile; fileRef = 4DA010D22796249900B8165F /* GuessLetterView.swift */; };
		4DA010D6279637BB00B8165F /* KeyButton.swift in Sources */ = {isa = PBXBuildFile; fileRef = 4DA010D5279637BB00B8165F /* KeyButton.swift */; };
		4DA010D7279637BB00B8165F /* KeyButton.swift in Sources */ = {isa = PBXBuildFile; fileRef = 4DA010D5279637BB00B8165F /* KeyButton.swift */; };
		4DA010D9279638DB00B8165F /* Game.swift in Sources */ = {isa = PBXBuildFile; fileRef = 4DA010D8279638DB00B8165F /* Game.swift */; };
		4DA010DA279638DB00B8165F /* Game.swift in Sources */ = {isa = PBXBuildFile; fileRef = 4DA010D8279638DB00B8165F /* Game.swift */; };
		4DA010DC27966B4000B8165F /* five_letter_words.txt in Resources */ = {isa = PBXBuildFile; fileRef = 4DA010DB27966B4000B8165F /* five_letter_words.txt */; };
		4DA010DD27966B4000B8165F /* five_letter_words.txt in Resources */ = {isa = PBXBuildFile; fileRef = 4DA010DB27966B4000B8165F /* five_letter_words.txt */; };
/* End PBXBuildFile section */

/* Begin PBXFileReference section */
		4DA010AB2795FFFA00B8165F /* WeLoveWordleApp.swift */ = {isa = PBXFileReference; lastKnownFileType = sourcecode.swift; path = WeLoveWordleApp.swift; sourceTree = "<group>"; };
		4DA010AC2795FFFA00B8165F /* ContentView.swift */ = {isa = PBXFileReference; lastKnownFileType = sourcecode.swift; path = ContentView.swift; sourceTree = "<group>"; };
		4DA010AD2795FFFB00B8165F /* Assets.xcassets */ = {isa = PBXFileReference; lastKnownFileType = folder.assetcatalog; path = Assets.xcassets; sourceTree = "<group>"; };
		4DA010B22795FFFB00B8165F /* WeLoveWordle.app */ = {isa = PBXFileReference; explicitFileType = wrapper.application; includeInIndex = 0; path = WeLoveWordle.app; sourceTree = BUILT_PRODUCTS_DIR; };
		4DA010B82795FFFB00B8165F /* WeLoveWordle.app */ = {isa = PBXFileReference; explicitFileType = wrapper.application; includeInIndex = 0; path = WeLoveWordle.app; sourceTree = BUILT_PRODUCTS_DIR; };
		4DA010BA2795FFFB00B8165F /* macOS.entitlements */ = {isa = PBXFileReference; lastKnownFileType = text.plist.entitlements; path = macOS.entitlements; sourceTree = "<group>"; };
		4DA010C92796004200B8165F /* Gameboard.swift */ = {isa = PBXFileReference; lastKnownFileType = sourcecode.swift; path = Gameboard.swift; sourceTree = "<group>"; };
		4DA010CC2796004900B8165F /* Keyboard.swift */ = {isa = PBXFileReference; lastKnownFileType = sourcecode.swift; path = Keyboard.swift; sourceTree = "<group>"; };
		4DA010CF279600DF00B8165F /* GuessesViewModel.swift */ = {isa = PBXFileReference; lastKnownFileType = sourcecode.swift; path = GuessesViewModel.swift; sourceTree = "<group>"; };
		4DA010D22796249900B8165F /* GuessLetterView.swift */ = {isa = PBXFileReference; lastKnownFileType = sourcecode.swift; path = GuessLetterView.swift; sourceTree = "<group>"; };
		4DA010D5279637BB00B8165F /* KeyButton.swift */ = {isa = PBXFileReference; lastKnownFileType = sourcecode.swift; path = KeyButton.swift; sourceTree = "<group>"; };
		4DA010D8279638DB00B8165F /* Game.swift */ = {isa = PBXFileReference; lastKnownFileType = sourcecode.swift; path = Game.swift; sourceTree = "<group>"; };
		4DA010DB27966B4000B8165F /* five_letter_words.txt */ = {isa = PBXFileReference; fileEncoding = 4; lastKnownFileType = text; path = five_letter_words.txt; sourceTree = "<group>"; };
/* End PBXFileReference section */

/* Begin PBXFrameworksBuildPhase section */
		4DA010AF2795FFFB00B8165F /* Frameworks */ = {
			isa = PBXFrameworksBuildPhase;
			buildActionMask = 2147483647;
			files = (
			);
			runOnlyForDeploymentPostprocessing = 0;
		};
		4DA010B52795FFFB00B8165F /* Frameworks */ = {
			isa = PBXFrameworksBuildPhase;
			buildActionMask = 2147483647;
			files = (
			);
			runOnlyForDeploymentPostprocessing = 0;
		};
/* End PBXFrameworksBuildPhase section */

/* Begin PBXGroup section */
		4DA010A52795FFFA00B8165F = {
			isa = PBXGroup;
			children = (
				4DA010AA2795FFFA00B8165F /* Shared */,
				4DA010B92795FFFB00B8165F /* macOS */,
				4DA010B32795FFFB00B8165F /* Products */,
			);
			sourceTree = "<group>";
		};
		4DA010AA2795FFFA00B8165F /* Shared */ = {
			isa = PBXGroup;
			children = (
				4DA010AB2795FFFA00B8165F /* WeLoveWordleApp.swift */,
				4DA010AC2795FFFA00B8165F /* ContentView.swift */,
				4DA010C92796004200B8165F /* Gameboard.swift */,
				4DA010D22796249900B8165F /* GuessLetterView.swift */,
				4DA010CF279600DF00B8165F /* GuessesViewModel.swift */,
				4DA010D8279638DB00B8165F /* Game.swift */,
				4DA010CC2796004900B8165F /* Keyboard.swift */,
				4DA010D5279637BB00B8165F /* KeyButton.swift */,
				4DA010DB27966B4000B8165F /* five_letter_words.txt */,
				4DA010AD2795FFFB00B8165F /* Assets.xcassets */,
			);
			path = Shared;
			sourceTree = "<group>";
		};
		4DA010B32795FFFB00B8165F /* Products */ = {
			isa = PBXGroup;
			children = (
				4DA010B22795FFFB00B8165F /* WeLoveWordle.app */,
				4DA010B82795FFFB00B8165F /* WeLoveWordle.app */,
			);
			name = Products;
			sourceTree = "<group>";
		};
		4DA010B92795FFFB00B8165F /* macOS */ = {
			isa = PBXGroup;
			children = (
				4DA010BA2795FFFB00B8165F /* macOS.entitlements */,
			);
			path = macOS;
			sourceTree = "<group>";
		};
/* End PBXGroup section */

/* Begin PBXNativeTarget section */
		4DA010B12795FFFB00B8165F /* WeLoveWordle (iOS) */ = {
			isa = PBXNativeTarget;
			buildConfigurationList = 4DA010C32795FFFB00B8165F /* Build configuration list for PBXNativeTarget "WeLoveWordle (iOS)" */;
			buildPhases = (
				4DA010AE2795FFFB00B8165F /* Sources */,
				4DA010AF2795FFFB00B8165F /* Frameworks */,
				4DA010B02795FFFB00B8165F /* Resources */,
			);
			buildRules = (
			);
			dependencies = (
			);
			name = "WeLoveWordle (iOS)";
			productName = "WeLoveWordle (iOS)";
			productReference = 4DA010B22795FFFB00B8165F /* WeLoveWordle.app */;
			productType = "com.apple.product-type.application";
		};
		4DA010B72795FFFB00B8165F /* WeLoveWordle (macOS) */ = {
			isa = PBXNativeTarget;
			buildConfigurationList = 4DA010C62795FFFB00B8165F /* Build configuration list for PBXNativeTarget "WeLoveWordle (macOS)" */;
			buildPhases = (
				4DA010B42795FFFB00B8165F /* Sources */,
				4DA010B52795FFFB00B8165F /* Frameworks */,
				4DA010B62795FFFB00B8165F /* Resources */,
			);
			buildRules = (
			);
			dependencies = (
			);
			name = "WeLoveWordle (macOS)";
			productName = "WeLoveWordle (macOS)";
			productReference = 4DA010B82795FFFB00B8165F /* WeLoveWordle.app */;
			productType = "com.apple.product-type.application";
		};
/* End PBXNativeTarget section */

/* Begin PBXProject section */
		4DA010A62795FFFA00B8165F /* Project object */ = {
			isa = PBXProject;
			attributes = {
				BuildIndependentTargetsInParallel = 1;
				LastSwiftUpdateCheck = 1320;
				LastUpgradeCheck = 1320;
				TargetAttributes = {
					4DA010B12795FFFB00B8165F = {
						CreatedOnToolsVersion = 13.2.1;
					};
					4DA010B72795FFFB00B8165F = {
						CreatedOnToolsVersion = 13.2.1;
					};
				};
			};
			buildConfigurationList = 4DA010A92795FFFA00B8165F /* Build configuration list for PBXProject "WeLoveWordle" */;
			compatibilityVersion = "Xcode 13.0";
			developmentRegion = en;
			hasScannedForEncodings = 0;
			knownRegions = (
				en,
				Base,
			);
			mainGroup = 4DA010A52795FFFA00B8165F;
			productRefGroup = 4DA010B32795FFFB00B8165F /* Products */;
			projectDirPath = "";
			projectRoot = "";
			targets = (
				4DA010B12795FFFB00B8165F /* WeLoveWordle (iOS) */,
				4DA010B72795FFFB00B8165F /* WeLoveWordle (macOS) */,
			);
		};
/* End PBXProject section */

/* Begin PBXResourcesBuildPhase section */
		4DA010B02795FFFB00B8165F /* Resources */ = {
			isa = PBXResourcesBuildPhase;
			buildActionMask = 2147483647;
			files = (
				4DA010DC27966B4000B8165F /* five_letter_words.txt in Resources */,
				4DA010BF2795FFFB00B8165F /* Assets.xcassets in Resources */,
			);
			runOnlyForDeploymentPostprocessing = 0;
		};
		4DA010B62795FFFB00B8165F /* Resources */ = {
			isa = PBXResourcesBuildPhase;
			buildActionMask = 2147483647;
			files = (
				4DA010DD27966B4000B8165F /* five_letter_words.txt in Resources */,
				4DA010C02795FFFB00B8165F /* Assets.xcassets in Resources */,
			);
			runOnlyForDeploymentPostprocessing = 0;
		};
/* End PBXResourcesBuildPhase section */

/* Begin PBXSourcesBuildPhase section */
		4DA010AE2795FFFB00B8165F /* Sources */ = {
			isa = PBXSourcesBuildPhase;
			buildActionMask = 2147483647;
			files = (
				4DA010D0279600DF00B8165F /* GuessesViewModel.swift in Sources */,
				4DA010BD2795FFFB00B8165F /* ContentView.swift in Sources */,
				4DA010BB2795FFFB00B8165F /* WeLoveWordleApp.swift in Sources */,
				4DA010CD2796004900B8165F /* Keyboard.swift in Sources */,
				4DA010D9279638DB00B8165F /* Game.swift in Sources */,
				4DA010D6279637BB00B8165F /* KeyButton.swift in Sources */,
				4DA010D32796249900B8165F /* GuessLetterView.swift in Sources */,
				4DA010CA2796004200B8165F /* Gameboard.swift in Sources */,
			);
			runOnlyForDeploymentPostprocessing = 0;
		};
		4DA010B42795FFFB00B8165F /* Sources */ = {
			isa = PBXSourcesBuildPhase;
			buildActionMask = 2147483647;
			files = (
				4DA010D1279600DF00B8165F /* GuessesViewModel.swift in Sources */,
				4DA010BE2795FFFB00B8165F /* ContentView.swift in Sources */,
				4DA010BC2795FFFB00B8165F /* WeLoveWordleApp.swift in Sources */,
				4DA010CE2796004900B8165F /* Keyboard.swift in Sources */,
				4DA010DA279638DB00B8165F /* Game.swift in Sources */,
				4DA010D7279637BB00B8165F /* KeyButton.swift in Sources */,
				4DA010D42796249900B8165F /* GuessLetterView.swift in Sources */,
				4DA010CB2796004200B8165F /* Gameboard.swift in Sources */,
			);
			runOnlyForDeploymentPostprocessing = 0;
		};
/* End PBXSourcesBuildPhase section */

/* Begin XCBuildConfiguration section */
		4DA010C12795FFFB00B8165F /* Debug */ = {
			isa = XCBuildConfiguration;
			buildSettings = {
				ALWAYS_SEARCH_USER_PATHS = NO;
				CLANG_ANALYZER_NONNULL = YES;
				CLANG_ANALYZER_NUMBER_OBJECT_CONVERSION = YES_AGGRESSIVE;
				CLANG_CXX_LANGUAGE_STANDARD = "gnu++17";
				CLANG_CXX_LIBRARY = "libc++";
				CLANG_ENABLE_MODULES = YES;
				CLANG_ENABLE_OBJC_ARC = YES;
				CLANG_ENABLE_OBJC_WEAK = YES;
				CLANG_WARN_BLOCK_CAPTURE_AUTORELEASING = YES;
				CLANG_WARN_BOOL_CONVERSION = YES;
				CLANG_WARN_COMMA = YES;
				CLANG_WARN_CONSTANT_CONVERSION = YES;
				CLANG_WARN_DEPRECATED_OBJC_IMPLEMENTATIONS = YES;
				CLANG_WARN_DIRECT_OBJC_ISA_USAGE = YES_ERROR;
				CLANG_WARN_DOCUMENTATION_COMMENTS = YES;
				CLANG_WARN_EMPTY_BODY = YES;
				CLANG_WARN_ENUM_CONVERSION = YES;
				CLANG_WARN_INFINITE_RECURSION = YES;
				CLANG_WARN_INT_CONVERSION = YES;
				CLANG_WARN_NON_LITERAL_NULL_CONVERSION = YES;
				CLANG_WARN_OBJC_IMPLICIT_RETAIN_SELF = YES;
				CLANG_WARN_OBJC_LITERAL_CONVERSION = YES;
				CLANG_WARN_OBJC_ROOT_CLASS = YES_ERROR;
				CLANG_WARN_QUOTED_INCLUDE_IN_FRAMEWORK_HEADER = YES;
				CLANG_WARN_RANGE_LOOP_ANALYSIS = YES;
				CLANG_WARN_STRICT_PROTOTYPES = YES;
				CLANG_WARN_SUSPICIOUS_MOVE = YES;
				CLANG_WARN_UNGUARDED_AVAILABILITY = YES_AGGRESSIVE;
				CLANG_WARN_UNREACHABLE_CODE = YES;
				CLANG_WARN__DUPLICATE_METHOD_MATCH = YES;
				COPY_PHASE_STRIP = NO;
				DEBUG_INFORMATION_FORMAT = dwarf;
				ENABLE_STRICT_OBJC_MSGSEND = YES;
				ENABLE_TESTABILITY = YES;
				GCC_C_LANGUAGE_STANDARD = gnu11;
				GCC_DYNAMIC_NO_PIC = NO;
				GCC_NO_COMMON_BLOCKS = YES;
				GCC_OPTIMIZATION_LEVEL = 0;
				GCC_PREPROCESSOR_DEFINITIONS = (
					"DEBUG=1",
					"$(inherited)",
				);
				GCC_WARN_64_TO_32_BIT_CONVERSION = YES;
				GCC_WARN_ABOUT_RETURN_TYPE = YES_ERROR;
				GCC_WARN_UNDECLARED_SELECTOR = YES;
				GCC_WARN_UNINITIALIZED_AUTOS = YES_AGGRESSIVE;
				GCC_WARN_UNUSED_FUNCTION = YES;
				GCC_WARN_UNUSED_VARIABLE = YES;
				MTL_ENABLE_DEBUG_INFO = INCLUDE_SOURCE;
				MTL_FAST_MATH = YES;
				ONLY_ACTIVE_ARCH = YES;
				SWIFT_ACTIVE_COMPILATION_CONDITIONS = DEBUG;
				SWIFT_OPTIMIZATION_LEVEL = "-Onone";
			};
			name = Debug;
		};
		4DA010C22795FFFB00B8165F /* Release */ = {
			isa = XCBuildConfiguration;
			buildSettings = {
				ALWAYS_SEARCH_USER_PATHS = NO;
				CLANG_ANALYZER_NONNULL = YES;
				CLANG_ANALYZER_NUMBER_OBJECT_CONVERSION = YES_AGGRESSIVE;
				CLANG_CXX_LANGUAGE_STANDARD = "gnu++17";
				CLANG_CXX_LIBRARY = "libc++";
				CLANG_ENABLE_MODULES = YES;
				CLANG_ENABLE_OBJC_ARC = YES;
				CLANG_ENABLE_OBJC_WEAK = YES;
				CLANG_WARN_BLOCK_CAPTURE_AUTORELEASING = YES;
				CLANG_WARN_BOOL_CONVERSION = YES;
				CLANG_WARN_COMMA = YES;
				CLANG_WARN_CONSTANT_CONVERSION = YES;
				CLANG_WARN_DEPRECATED_OBJC_IMPLEMENTATIONS = YES;
				CLANG_WARN_DIRECT_OBJC_ISA_USAGE = YES_ERROR;
				CLANG_WARN_DOCUMENTATION_COMMENTS = YES;
				CLANG_WARN_EMPTY_BODY = YES;
				CLANG_WARN_ENUM_CONVERSION = YES;
				CLANG_WARN_INFINITE_RECURSION = YES;
				CLANG_WARN_INT_CONVERSION = YES;
				CLANG_WARN_NON_LITERAL_NULL_CONVERSION = YES;
				CLANG_WARN_OBJC_IMPLICIT_RETAIN_SELF = YES;
				CLANG_WARN_OBJC_LITERAL_CONVERSION = YES;
				CLANG_WARN_OBJC_ROOT_CLASS = YES_ERROR;
				CLANG_WARN_QUOTED_INCLUDE_IN_FRAMEWORK_HEADER = YES;
				CLANG_WARN_RANGE_LOOP_ANALYSIS = YES;
				CLANG_WARN_STRICT_PROTOTYPES = YES;
				CLANG_WARN_SUSPICIOUS_MOVE = YES;
				CLANG_WARN_UNGUARDED_AVAILABILITY = YES_AGGRESSIVE;
				CLANG_WARN_UNREACHABLE_CODE = YES;
				CLANG_WARN__DUPLICATE_METHOD_MATCH = YES;
				COPY_PHASE_STRIP = NO;
				DEBUG_INFORMATION_FORMAT = "dwarf-with-dsym";
				ENABLE_NS_ASSERTIONS = NO;
				ENABLE_STRICT_OBJC_MSGSEND = YES;
				GCC_C_LANGUAGE_STANDARD = gnu11;
				GCC_NO_COMMON_BLOCKS = YES;
				GCC_WARN_64_TO_32_BIT_CONVERSION = YES;
				GCC_WARN_ABOUT_RETURN_TYPE = YES_ERROR;
				GCC_WARN_UNDECLARED_SELECTOR = YES;
				GCC_WARN_UNINITIALIZED_AUTOS = YES_AGGRESSIVE;
				GCC_WARN_UNUSED_FUNCTION = YES;
				GCC_WARN_UNUSED_VARIABLE = YES;
				MTL_ENABLE_DEBUG_INFO = NO;
				MTL_FAST_MATH = YES;
				SWIFT_COMPILATION_MODE = wholemodule;
				SWIFT_OPTIMIZATION_LEVEL = "-O";
			};
			name = Release;
		};
		4DA010C42795FFFB00B8165F /* Debug */ = {
			isa = XCBuildConfiguration;
			buildSettings = {
				ASSETCATALOG_COMPILER_APPICON_NAME = AppIcon;
				ASSETCATALOG_COMPILER_GLOBAL_ACCENT_COLOR_NAME = AccentColor;
				CODE_SIGN_STYLE = Automatic;
				CURRENT_PROJECT_VERSION = 1;
				DEVELOPMENT_TEAM = 3SJ2422ERE;
				ENABLE_PREVIEWS = YES;
				GENERATE_INFOPLIST_FILE = YES;
				INFOPLIST_KEY_UIApplicationSceneManifest_Generation = YES;
				INFOPLIST_KEY_UIApplicationSupportsIndirectInputEvents = YES;
				INFOPLIST_KEY_UILaunchScreen_Generation = YES;
				INFOPLIST_KEY_UISupportedInterfaceOrientations_iPad = "UIInterfaceOrientationPortrait UIInterfaceOrientationPortraitUpsideDown UIInterfaceOrientationLandscapeLeft UIInterfaceOrientationLandscapeRight";
				INFOPLIST_KEY_UISupportedInterfaceOrientations_iPhone = "UIInterfaceOrientationPortrait UIInterfaceOrientationLandscapeLeft UIInterfaceOrientationLandscapeRight";
				IPHONEOS_DEPLOYMENT_TARGET = 15.2;
				LD_RUNPATH_SEARCH_PATHS = (
					"$(inherited)",
					"@executable_path/Frameworks",
				);
				MARKETING_VERSION = 1.0;
				PRODUCT_BUNDLE_IDENTIFIER = com.emulovevolume.WeLoveWordle;
				PRODUCT_NAME = WeLoveWordle;
				SDKROOT = iphoneos;
				SWIFT_EMIT_LOC_STRINGS = YES;
				SWIFT_VERSION = 5.0;
				TARGETED_DEVICE_FAMILY = "1,2";
			};
			name = Debug;
		};
		4DA010C52795FFFB00B8165F /* Release */ = {
			isa = XCBuildConfiguration;
			buildSettings = {
				ASSETCATALOG_COMPILER_APPICON_NAME = AppIcon;
				ASSETCATALOG_COMPILER_GLOBAL_ACCENT_COLOR_NAME = AccentColor;
				CODE_SIGN_STYLE = Automatic;
				CURRENT_PROJECT_VERSION = 1;
				DEVELOPMENT_TEAM = 3SJ2422ERE;
				ENABLE_PREVIEWS = YES;
				GENERATE_INFOPLIST_FILE = YES;
				INFOPLIST_KEY_UIApplicationSceneManifest_Generation = YES;
				INFOPLIST_KEY_UIApplicationSupportsIndirectInputEvents = YES;
				INFOPLIST_KEY_UILaunchScreen_Generation = YES;
				INFOPLIST_KEY_UISupportedInterfaceOrientations_iPad = "UIInterfaceOrientationPortrait UIInterfaceOrientationPortraitUpsideDown UIInterfaceOrientationLandscapeLeft UIInterfaceOrientationLandscapeRight";
				INFOPLIST_KEY_UISupportedInterfaceOrientations_iPhone = "UIInterfaceOrientationPortrait UIInterfaceOrientationLandscapeLeft UIInterfaceOrientationLandscapeRight";
				IPHONEOS_DEPLOYMENT_TARGET = 15.2;
				LD_RUNPATH_SEARCH_PATHS = (
					"$(inherited)",
					"@executable_path/Frameworks",
				);
				MARKETING_VERSION = 1.0;
				PRODUCT_BUNDLE_IDENTIFIER = com.emulovevolume.WeLoveWordle;
				PRODUCT_NAME = WeLoveWordle;
				SDKROOT = iphoneos;
				SWIFT_EMIT_LOC_STRINGS = YES;
				SWIFT_VERSION = 5.0;
				TARGETED_DEVICE_FAMILY = "1,2";
				VALIDATE_PRODUCT = YES;
			};
			name = Release;
		};
		4DA010C72795FFFB00B8165F /* Debug */ = {
			isa = XCBuildConfiguration;
			buildSettings = {
				ASSETCATALOG_COMPILER_APPICON_NAME = AppIcon;
				ASSETCATALOG_COMPILER_GLOBAL_ACCENT_COLOR_NAME = AccentColor;
				CODE_SIGN_ENTITLEMENTS = macOS/macOS.entitlements;
				CODE_SIGN_STYLE = Automatic;
				COMBINE_HIDPI_IMAGES = YES;
				CURRENT_PROJECT_VERSION = 1;
				DEVELOPMENT_TEAM = 3SJ2422ERE;
				ENABLE_HARDENED_RUNTIME = YES;
				ENABLE_PREVIEWS = YES;
				GENERATE_INFOPLIST_FILE = YES;
				INFOPLIST_KEY_NSHumanReadableCopyright = "";
				LD_RUNPATH_SEARCH_PATHS = (
					"$(inherited)",
					"@executable_path/../Frameworks",
				);
				MACOSX_DEPLOYMENT_TARGET = 12.1;
				MARKETING_VERSION = 1.0;
				PRODUCT_BUNDLE_IDENTIFIER = com.emulovevolume.WeLoveWordle;
				PRODUCT_NAME = WeLoveWordle;
				SDKROOT = macosx;
				SWIFT_EMIT_LOC_STRINGS = YES;
				SWIFT_VERSION = 5.0;
			};
			name = Debug;
		};
		4DA010C82795FFFB00B8165F /* Release */ = {
			isa = XCBuildConfiguration;
			buildSettings = {
				ASSETCATALOG_COMPILER_APPICON_NAME = AppIcon;
				ASSETCATALOG_COMPILER_GLOBAL_ACCENT_COLOR_NAME = AccentColor;
				CODE_SIGN_ENTITLEMENTS = macOS/macOS.entitlements;
				CODE_SIGN_STYLE = Automatic;
				COMBINE_HIDPI_IMAGES = YES;
				CURRENT_PROJECT_VERSION = 1;
				DEVELOPMENT_TEAM = 3SJ2422ERE;
				ENABLE_HARDENED_RUNTIME = YES;
				ENABLE_PREVIEWS = YES;
				GENERATE_INFOPLIST_FILE = YES;
				INFOPLIST_KEY_NSHumanReadableCopyright = "";
				LD_RUNPATH_SEARCH_PATHS = (
					"$(inherited)",
					"@executable_path/../Frameworks",
				);
				MACOSX_DEPLOYMENT_TARGET = 12.1;
				MARKETING_VERSION = 1.0;
				PRODUCT_BUNDLE_IDENTIFIER = com.emulovevolume.WeLoveWordle;
				PRODUCT_NAME = WeLoveWordle;
				SDKROOT = macosx;
				SWIFT_EMIT_LOC_STRINGS = YES;
				SWIFT_VERSION = 5.0;
			};
			name = Release;
		};
/* End XCBuildConfiguration section */

/* Begin XCConfigurationList section */
		4DA010A92795FFFA00B8165F /* Build configuration list for PBXProject "WeLoveWordle" */ = {
			isa = XCConfigurationList;
			buildConfigurations = (
				4DA010C12795FFFB00B8165F /* Debug */,
				4DA010C22795FFFB00B8165F /* Release */,
			);
			defaultConfigurationIsVisible = 0;
			defaultConfigurationName = Release;
		};
		4DA010C32795FFFB00B8165F /* Build configuration list for PBXNativeTarget "WeLoveWordle (iOS)" */ = {
			isa = XCConfigurationList;
			buildConfigurations = (
				4DA010C42795FFFB00B8165F /* Debug */,
				4DA010C52795FFFB00B8165F /* Release */,
			);
			defaultConfigurationIsVisible = 0;
			defaultConfigurationName = Release;
		};
		4DA010C62795FFFB00B8165F /* Build configuration list for PBXNativeTarget "WeLoveWordle (macOS)" */ = {
			isa = XCConfigurationList;
			buildConfigurations = (
				4DA010C72795FFFB00B8165F /* Debug */,
				4DA010C82795FFFB00B8165F /* Release */,
			);
			defaultConfigurationIsVisible = 0;
			defaultConfigurationName = Release;
		};
/* End XCConfigurationList section */
	};
	rootObject = 4DA010A62795FFFA00B8165F /* Project object */;
}
